
Microsoft Visual Studio Solution File, Format Version 12.00
# Visual Studio Version 17
VisualStudioVersion = 17.9.34728.123
MinimumVisualStudioVersion = 10.0.40219.1
Project("{FAE04EC0-301F-11D3-BF4B-00C04F79EFBC}") = "Firmware", "Firmware\Firmware.csproj", "{0173C3A4-6C23-424A-A29A-AD12BE85C834}"
EndProject
Global
	GlobalSection(SolutionConfigurationPlatforms) = preSolution
		Debug|Any CPU = Debug|Any CPU
		Release|Any CPU = Release|Any CPU
	EndGlobalSection
	GlobalSection(ProjectConfigurationPlatforms) = postSolution
		{0173C3A4-6C23-424A-A29A-AD12BE85C834}.Debug|Any CPU.ActiveCfg = Debug|Any CPU
		{0173C3A4-6C23-424A-A29A-AD12BE85C834}.Debug|Any CPU.Build.0 = Debug|Any CPU
		{0173C3A4-6C23-424A-A29A-AD12BE85C834}.Release|Any CPU.ActiveCfg = Release|Any CPU
		{0173C3A4-6C23-424A-A29A-AD12BE85C834}.Release|Any CPU.Build.0 = Release|Any CPU
	EndGlobalSection
	GlobalSection(SolutionProperties) = preSolution
		HideSolutionNode = FALSE
	EndGlobalSection
	GlobalSection(ExtensibilityGlobals) = postSolution
		SolutionGuid = {49938E90-0A1D-4241-A9FF-DB1D115F8BC8}
	EndGlobalSection
EndGlobal
